
Microsoft Visual Studio Solution File, Format Version 12.00
# Visual Studio Version 17
VisualStudioVersion = 17.11.35327.3
MinimumVisualStudioVersion = 10.0.40219.1
Project("{9A19103F-16F7-4668-BE54-9A1E7A4F7556}") = "Handshakes-Carpark", "Handshakes-Carpark.csproj", "{5DEDE532-5ECF-4DC6-BC64-3956EEEAA879}"
EndProject
Project("{FAE04EC0-301F-11D3-BF4B-00C04F79EFBC}") = "Handshakes-Carpark_Tests", "..\Handshakes-Carpark_Tests\Handshakes-Carpark_Tests.csproj", "{F281454A-04A5-47DC-AE8B-6385C17DD4EB}"
EndProject
Global
	GlobalSection(SolutionConfigurationPlatforms) = preSolution
		Debug|Any CPU = Debug|Any CPU
		Release|Any CPU = Release|Any CPU
	EndGlobalSection
	GlobalSection(ProjectConfigurationPlatforms) = postSolution
		{5DEDE532-5ECF-4DC6-BC64-3956EEEAA879}.Debug|Any CPU.ActiveCfg = Debug|Any CPU
		{5DEDE532-5ECF-4DC6-BC64-3956EEEAA879}.Debug|Any CPU.Build.0 = Debug|Any CPU
		{5DEDE532-5ECF-4DC6-BC64-3956EEEAA879}.Release|Any CPU.ActiveCfg = Release|Any CPU
		{5DEDE532-5ECF-4DC6-BC64-3956EEEAA879}.Release|Any CPU.Build.0 = Release|Any CPU
		{F281454A-04A5-47DC-AE8B-6385C17DD4EB}.Debug|Any CPU.ActiveCfg = Debug|Any CPU
		{F281454A-04A5-47DC-AE8B-6385C17DD4EB}.Debug|Any CPU.Build.0 = Debug|Any CPU
		{F281454A-04A5-47DC-AE8B-6385C17DD4EB}.Release|Any CPU.ActiveCfg = Release|Any CPU
		{F281454A-04A5-47DC-AE8B-6385C17DD4EB}.Release|Any CPU.Build.0 = Release|Any CPU
	EndGlobalSection
	GlobalSection(SolutionProperties) = preSolution
		HideSolutionNode = FALSE
	EndGlobalSection
	GlobalSection(ExtensibilityGlobals) = postSolution
		SolutionGuid = {080AC0FB-F8DF-4AAE-A2BF-D59E06E8BFC0}
	EndGlobalSection
EndGlobal
